
Microsoft Visual Studio Solution File, Format Version 12.00
# Visual Studio 15
VisualStudioVersion = 15.0.28010.2046
MinimumVisualStudioVersion = 10.0.40219.1
Project("{FAE04EC0-301F-11D3-BF4B-00C04F79EFBC}") = "PersonalID", "PersonalID\PersonalID.csproj", "{9654446E-2DC7-477B-9876-35A3DCD2977D}"
EndProject
Global
	GlobalSection(SolutionConfigurationPlatforms) = preSolution
		Debug|Any CPU = Debug|Any CPU
		Release|Any CPU = Release|Any CPU
	EndGlobalSection
	GlobalSection(ProjectConfigurationPlatforms) = postSolution
		{9654446E-2DC7-477B-9876-35A3DCD2977D}.Debug|Any CPU.ActiveCfg = Debug|Any CPU
		{9654446E-2DC7-477B-9876-35A3DCD2977D}.Debug|Any CPU.Build.0 = Debug|Any CPU
		{9654446E-2DC7-477B-9876-35A3DCD2977D}.Release|Any CPU.ActiveCfg = Release|Any CPU
		{9654446E-2DC7-477B-9876-35A3DCD2977D}.Release|Any CPU.Build.0 = Release|Any CPU
	EndGlobalSection
	GlobalSection(SolutionProperties) = preSolution
		HideSolutionNode = FALSE
	EndGlobalSection
	GlobalSection(ExtensibilityGlobals) = postSolution
		SolutionGuid = {C48C2C3A-8FD4-4C0C-A447-473573866741}
	EndGlobalSection
EndGlobal
